
Microsoft Visual Studio Solution File, Format Version 12.00
# Visual Studio Version 17
VisualStudioVersion = 17.0.31912.275
MinimumVisualStudioVersion = 10.0.40219.1
Project("{9A19103F-16F7-4668-BE54-9A1E7A4F7556}") = "FluentUtils.ValueObject", "src\FluentUtils.ValueObject\FluentUtils.ValueObject.csproj", "{593379CB-1118-421E-A429-11664BEB47FF}"
EndProject
Project("{FAE04EC0-301F-11D3-BF4B-00C04F79EFBC}") = "FluentUtils.ValueObject.Samples", "samples\FluentUtils.ValueObject.Samples\FluentUtils.ValueObject.Samples.csproj", "{8EE6728D-9801-4B09-989A-10C383012AF5}"
EndProject
Project("{2150E333-8FDC-42A3-9474-1A3956D46DE8}") = "src", "src", "{9949BF8F-D969-45E2-956F-C7DC5D8D3544}"
EndProject
Project("{2150E333-8FDC-42A3-9474-1A3956D46DE8}") = "samples", "samples", "{1C830121-6036-4217-A15B-56D24D828F5F}"
EndProject
Project("{2150E333-8FDC-42A3-9474-1A3956D46DE8}") = "tests", "tests", "{7FAB5149-A4E2-4437-801B-45FBC1122EC6}"
EndProject
Project("{FAE04EC0-301F-11D3-BF4B-00C04F79EFBC}") = "FluentUtils.ValueObject.UnitTests", "tests\FluentUtils.ValueObject.UnitTests\FluentUtils.ValueObject.UnitTests.csproj", "{8D2F87C9-DCB5-4631-93AB-E734D2F22E5B}"
EndProject
Project("{FAE04EC0-301F-11D3-BF4B-00C04F79EFBC}") = "FluentUtils.AutoMapper", "src\FluentUtils.AutoMapper\FluentUtils.AutoMapper.csproj", "{C91819CB-D0FA-4683-A599-A3287E05F659}"
EndProject
Project("{FAE04EC0-301F-11D3-BF4B-00C04F79EFBC}") = "FluentUtils.AutoMapper.Extensions.Microsoft.DependencyInjection", "src\FluentUtils.AutoMapper.Extensions.Microsoft.DependencyInjection\FluentUtils.AutoMapper.Extensions.Microsoft.DependencyInjection.csproj", "{2D9C5337-3E19-4AC1-8D32-6F4717CA092B}"
EndProject
Project("{FAE04EC0-301F-11D3-BF4B-00C04F79EFBC}") = "FluentUtils.AutoMapper.Samples", "samples\FluentUtils.AutoMapper.Samples\FluentUtils.AutoMapper.Samples.csproj", "{A3C800C7-302B-4040-922D-013F83C84752}"
EndProject
Project("{FAE04EC0-301F-11D3-BF4B-00C04F79EFBC}") = "FluentUtils.AutoMapper.UnitTests", "tests\FluentUtils.AutoMapper.UnitTests\FluentUtils.AutoMapper.UnitTests.csproj", "{153B2272-8C20-4FB2-AEF3-283F5850FD13}"
EndProject
Project("{FAE04EC0-301F-11D3-BF4B-00C04F79EFBC}") = "FluentUtils.MediatR.Pagination", "src\FluentUtils.MediatR.Pagination\FluentUtils.MediatR.Pagination.csproj", "{EC515462-8C05-4709-96D7-121BF39CA2E8}"
EndProject
Project("{FAE04EC0-301F-11D3-BF4B-00C04F79EFBC}") = "FluentUtils.MediatR.Pagination.AspNetCore", "src\FluentUtils.MediatR.Pagination.AspNetCore\FluentUtils.MediatR.Pagination.AspNetCore.csproj", "{86A10090-4292-4186-9F17-26D501F1BA3E}"
EndProject
Project("{FAE04EC0-301F-11D3-BF4B-00C04F79EFBC}") = "FluentUtils.MediatR.Samples", "samples\FluentUtils.MediatR.Samples\FluentUtils.MediatR.Samples.csproj", "{662AD4D6-0A9C-4F5B-A7E7-F875F142BFA7}"
EndProject
Project("{FAE04EC0-301F-11D3-BF4B-00C04F79EFBC}") = "FluentUtils.MediatR.UnitTests", "tests\FluentUtils.MediatR.UnitTests\FluentUtils.MediatR.UnitTests.csproj", "{ED2FA5EC-FF94-4E3F-B2A1-A08A23C56E8C}"
EndProject
Project("{FAE04EC0-301F-11D3-BF4B-00C04F79EFBC}") = "FluentUtils.EnumExtensions", "src\FluentUtils.EnumExtensions\FluentUtils.EnumExtensions.csproj", "{46A4C31D-4ECF-46C1-B836-71110C971725}"
EndProject
Project("{FAE04EC0-301F-11D3-BF4B-00C04F79EFBC}") = "FluentUtils.EnumExtensions.UnitTests", "tests\FluentUtils.EnumExtensions.UnitTests\FluentUtils.EnumExtensions.UnitTests.csproj", "{D57D0103-BEC7-4F65-94DF-2AB43E0BCBEC}"
EndProject
Global
	GlobalSection(SolutionConfigurationPlatforms) = preSolution
		Debug|Any CPU = Debug|Any CPU
		Release|Any CPU = Release|Any CPU
	EndGlobalSection
	GlobalSection(ProjectConfigurationPlatforms) = postSolution
		{593379CB-1118-421E-A429-11664BEB47FF}.Debug|Any CPU.ActiveCfg = Debug|Any CPU
		{593379CB-1118-421E-A429-11664BEB47FF}.Debug|Any CPU.Build.0 = Debug|Any CPU
		{593379CB-1118-421E-A429-11664BEB47FF}.Release|Any CPU.ActiveCfg = Release|Any CPU
		{593379CB-1118-421E-A429-11664BEB47FF}.Release|Any CPU.Build.0 = Release|Any CPU
		{8EE6728D-9801-4B09-989A-10C383012AF5}.Debug|Any CPU.ActiveCfg = Debug|Any CPU
		{8EE6728D-9801-4B09-989A-10C383012AF5}.Debug|Any CPU.Build.0 = Debug|Any CPU
		{8EE6728D-9801-4B09-989A-10C383012AF5}.Release|Any CPU.ActiveCfg = Release|Any CPU
		{8EE6728D-9801-4B09-989A-10C383012AF5}.Release|Any CPU.Build.0 = Release|Any CPU
		{8D2F87C9-DCB5-4631-93AB-E734D2F22E5B}.Debug|Any CPU.ActiveCfg = Debug|Any CPU
		{8D2F87C9-DCB5-4631-93AB-E734D2F22E5B}.Debug|Any CPU.Build.0 = Debug|Any CPU
		{8D2F87C9-DCB5-4631-93AB-E734D2F22E5B}.Release|Any CPU.ActiveCfg = Release|Any CPU
		{8D2F87C9-DCB5-4631-93AB-E734D2F22E5B}.Release|Any CPU.Build.0 = Release|Any CPU
		{C91819CB-D0FA-4683-A599-A3287E05F659}.Debug|Any CPU.ActiveCfg = Debug|Any CPU
		{C91819CB-D0FA-4683-A599-A3287E05F659}.Debug|Any CPU.Build.0 = Debug|Any CPU
		{C91819CB-D0FA-4683-A599-A3287E05F659}.Release|Any CPU.ActiveCfg = Release|Any CPU
		{C91819CB-D0FA-4683-A599-A3287E05F659}.Release|Any CPU.Build.0 = Release|Any CPU
		{2D9C5337-3E19-4AC1-8D32-6F4717CA092B}.Debug|Any CPU.ActiveCfg = Debug|Any CPU
		{2D9C5337-3E19-4AC1-8D32-6F4717CA092B}.Debug|Any CPU.Build.0 = Debug|Any CPU
		{2D9C5337-3E19-4AC1-8D32-6F4717CA092B}.Release|Any CPU.ActiveCfg = Release|Any CPU
		{2D9C5337-3E19-4AC1-8D32-6F4717CA092B}.Release|Any CPU.Build.0 = Release|Any CPU
		{A3C800C7-302B-4040-922D-013F83C84752}.Debug|Any CPU.ActiveCfg = Debug|Any CPU
		{A3C800C7-302B-4040-922D-013F83C84752}.Debug|Any CPU.Build.0 = Debug|Any CPU
		{A3C800C7-302B-4040-922D-013F83C84752}.Release|Any CPU.ActiveCfg = Release|Any CPU
		{A3C800C7-302B-4040-922D-013F83C84752}.Release|Any CPU.Build.0 = Release|Any CPU
		{153B2272-8C20-4FB2-AEF3-283F5850FD13}.Debug|Any CPU.ActiveCfg = Debug|Any CPU
		{153B2272-8C20-4FB2-AEF3-283F5850FD13}.Debug|Any CPU.Build.0 = Debug|Any CPU
		{153B2272-8C20-4FB2-AEF3-283F5850FD13}.Release|Any CPU.ActiveCfg = Release|Any CPU
		{153B2272-8C20-4FB2-AEF3-283F5850FD13}.Release|Any CPU.Build.0 = Release|Any CPU
		{EC515462-8C05-4709-96D7-121BF39CA2E8}.Debug|Any CPU.ActiveCfg = Debug|Any CPU
		{EC515462-8C05-4709-96D7-121BF39CA2E8}.Debug|Any CPU.Build.0 = Debug|Any CPU
		{EC515462-8C05-4709-96D7-121BF39CA2E8}.Release|Any CPU.ActiveCfg = Release|Any CPU
		{EC515462-8C05-4709-96D7-121BF39CA2E8}.Release|Any CPU.Build.0 = Release|Any CPU
		{86A10090-4292-4186-9F17-26D501F1BA3E}.Debug|Any CPU.ActiveCfg = Debug|Any CPU
		{86A10090-4292-4186-9F17-26D501F1BA3E}.Debug|Any CPU.Build.0 = Debug|Any CPU
		{86A10090-4292-4186-9F17-26D501F1BA3E}.Release|Any CPU.ActiveCfg = Release|Any CPU
		{86A10090-4292-4186-9F17-26D501F1BA3E}.Release|Any CPU.Build.0 = Release|Any CPU
		{662AD4D6-0A9C-4F5B-A7E7-F875F142BFA7}.Debug|Any CPU.ActiveCfg = Debug|Any CPU
		{662AD4D6-0A9C-4F5B-A7E7-F875F142BFA7}.Debug|Any CPU.Build.0 = Debug|Any CPU
		{662AD4D6-0A9C-4F5B-A7E7-F875F142BFA7}.Release|Any CPU.ActiveCfg = Release|Any CPU
		{662AD4D6-0A9C-4F5B-A7E7-F875F142BFA7}.Release|Any CPU.Build.0 = Release|Any CPU
		{ED2FA5EC-FF94-4E3F-B2A1-A08A23C56E8C}.Debug|Any CPU.ActiveCfg = Debug|Any CPU
		{ED2FA5EC-FF94-4E3F-B2A1-A08A23C56E8C}.Debug|Any CPU.Build.0 = Debug|Any CPU
		{ED2FA5EC-FF94-4E3F-B2A1-A08A23C56E8C}.Release|Any CPU.ActiveCfg = Release|Any CPU
		{ED2FA5EC-FF94-4E3F-B2A1-A08A23C56E8C}.Release|Any CPU.Build.0 = Release|Any CPU
		{46A4C31D-4ECF-46C1-B836-71110C971725}.Debug|Any CPU.ActiveCfg = Debug|Any CPU
		{46A4C31D-4ECF-46C1-B836-71110C971725}.Debug|Any CPU.Build.0 = Debug|Any CPU
		{46A4C31D-4ECF-46C1-B836-71110C971725}.Release|Any CPU.ActiveCfg = Release|Any CPU
		{46A4C31D-4ECF-46C1-B836-71110C971725}.Release|Any CPU.Build.0 = Release|Any CPU
		{D57D0103-BEC7-4F65-94DF-2AB43E0BCBEC}.Debug|Any CPU.ActiveCfg = Debug|Any CPU
		{D57D0103-BEC7-4F65-94DF-2AB43E0BCBEC}.Debug|Any CPU.Build.0 = Debug|Any CPU
		{D57D0103-BEC7-4F65-94DF-2AB43E0BCBEC}.Release|Any CPU.ActiveCfg = Release|Any CPU
		{D57D0103-BEC7-4F65-94DF-2AB43E0BCBEC}.Release|Any CPU.Build.0 = Release|Any CPU
	EndGlobalSection
	GlobalSection(SolutionProperties) = preSolution
		HideSolutionNode = FALSE
	EndGlobalSection
	GlobalSection(ExtensibilityGlobals) = postSolution
		SolutionGuid = {D1769236-F249-432D-98DC-466F258AAF40}
	EndGlobalSection
	GlobalSection(NestedProjects) = preSolution
		{593379CB-1118-421E-A429-11664BEB47FF} = {9949BF8F-D969-45E2-956F-C7DC5D8D3544}
		{8EE6728D-9801-4B09-989A-10C383012AF5} = {1C830121-6036-4217-A15B-56D24D828F5F}
		{8D2F87C9-DCB5-4631-93AB-E734D2F22E5B} = {7FAB5149-A4E2-4437-801B-45FBC1122EC6}
		{C91819CB-D0FA-4683-A599-A3287E05F659} = {9949BF8F-D969-45E2-956F-C7DC5D8D3544}
		{2D9C5337-3E19-4AC1-8D32-6F4717CA092B} = {9949BF8F-D969-45E2-956F-C7DC5D8D3544}
		{A3C800C7-302B-4040-922D-013F83C84752} = {1C830121-6036-4217-A15B-56D24D828F5F}
		{153B2272-8C20-4FB2-AEF3-283F5850FD13} = {7FAB5149-A4E2-4437-801B-45FBC1122EC6}
		{EC515462-8C05-4709-96D7-121BF39CA2E8} = {9949BF8F-D969-45E2-956F-C7DC5D8D3544}
		{86A10090-4292-4186-9F17-26D501F1BA3E} = {9949BF8F-D969-45E2-956F-C7DC5D8D3544}
		{662AD4D6-0A9C-4F5B-A7E7-F875F142BFA7} = {1C830121-6036-4217-A15B-56D24D828F5F}
		{ED2FA5EC-FF94-4E3F-B2A1-A08A23C56E8C} = {7FAB5149-A4E2-4437-801B-45FBC1122EC6}
		{46A4C31D-4ECF-46C1-B836-71110C971725} = {9949BF8F-D969-45E2-956F-C7DC5D8D3544}
		{D57D0103-BEC7-4F65-94DF-2AB43E0BCBEC} = {7FAB5149-A4E2-4437-801B-45FBC1122EC6}
	EndGlobalSection
EndGlobal
